schema: '2.0'
stages:
  data_ingestion:
    cmd: python src/housing/pipeline/stage_01_data_ingestion.py
    deps:
    - path: configs/config.yaml
      md5: afe63bd7aa893d29ed61e893e1e2a1dc
      size: 1420
    - path: src/housing/components/data_ingestion.py
      md5: 31a2f9ce5c2b4c3aa7303f7b35638ef1
      size: 933
    - path: src/housing/config/configuration.py
      md5: f82935825e7d9c7acaf4633f2843896f
      size: 2742
    - path: src/housing/entity/config_entity.py
      md5: dd60c940f785c381b4b8e1926529c1fb
      size: 878
    - path: src/housing/pipeline/stage_01_data_ingestion.py
      md5: 7d25f47aff72e9df357cf7a4013edeb1
      size: 363
    outs:
    - path: artifacts/data_ingestion/
      md5: 224c4d38d7743f8da95d5beedb41a1f9.dir
      size: 3771784
      nfiles: 4
  data_process:
    cmd: python src/housing/pipeline/stage_02_data_process.py
    deps:
    - path: artifacts/data_ingestion/
      md5: 224c4d38d7743f8da95d5beedb41a1f9.dir
      size: 3771784
      nfiles: 4
    - path: configs/config.yaml
      md5: afe63bd7aa893d29ed61e893e1e2a1dc
      size: 1420
    - path: src/housing/components/data_process.py
      md5: 0d225a1dbba5856eaa068da895088558
      size: 1266
    - path: src/housing/config/configuration.py
      md5: f82935825e7d9c7acaf4633f2843896f
      size: 2742
    - path: src/housing/entity/config_entity.py
      md5: dd60c940f785c381b4b8e1926529c1fb
      size: 878
    - path: src/housing/pipeline/stage_02_data_process.py
      md5: 4395f1bdeb3ad504b853ce9acc7a6c22
      size: 382
    outs:
    - path: artifacts/data_process/
      md5: f2888e0e31496eb5c75c5a804a98c167.dir
      size: 4782071
      nfiles: 5
  model_train:
    cmd: python src/housing/pipeline/stage_03_model_train.py
    deps:
    - path: artifacts/data_process/
      md5: f2888e0e31496eb5c75c5a804a98c167.dir
      size: 4782071
      nfiles: 5
    - path: configs/config.yaml
      md5: afe63bd7aa893d29ed61e893e1e2a1dc
      size: 1420
    - path: src/housing/components/model_train.py
      md5: bf5914c9ee423202ad81ddcf7b3c9687
      size: 736
    - path: src/housing/config/configuration.py
      md5: f82935825e7d9c7acaf4633f2843896f
      size: 2742
    - path: src/housing/entity/config_entity.py
      md5: dd60c940f785c381b4b8e1926529c1fb
      size: 878
    - path: src/housing/pipeline/stage_03_model_train.py
      md5: c62231e41cc84273ccab60b2a50a143d
      size: 316
    outs:
    - path: artifacts/model_train/
      md5: 88606fc5e315336707cfc583a585ac25.dir
      size: 556
      nfiles: 1
  model_evaluation:
    cmd: python src/housing/pipeline/stage_04_model_evaluation.py
    deps:
    - path: artifacts/model_train/
      md5: 88606fc5e315336707cfc583a585ac25.dir
      size: 556
      nfiles: 1
    - path: configs/config.yaml
      md5: afe63bd7aa893d29ed61e893e1e2a1dc
      size: 1420
    - path: src/housing/components/model_evaluation.py
      md5: 60e641e8694e8b92163e792ccaeca3c9
      size: 1149
    - path: src/housing/config/configuration.py
      md5: f82935825e7d9c7acaf4633f2843896f
      size: 2742
    - path: src/housing/entity/config_entity.py
      md5: dd60c940f785c381b4b8e1926529c1fb
      size: 878
    - path: src/housing/pipeline/stage_04_model_evaluation.py
      md5: 2ea0355976d761abc02b209b6b56167b
      size: 398
    outs:
    - path: artifacts/model_evaluation/
      md5: 26cdefa5e1c29d8f83083a35700fe45e.dir
      size: 133
      nfiles: 1
